
Microsoft Visual Studio Solution File, Format Version 12.00
# Visual Studio Version 16
VisualStudioVersion = 16.0.29806.167
MinimumVisualStudioVersion = 10.0.40219.1
Project("{FAE04EC0-301F-11D3-BF4B-00C04F79EFBC}") = "Xamarin-Forms-Demo.Android", "Xamarin-Forms-Demo\Xamarin-Forms-Demo.Android\Xamarin-Forms-Demo.Android.csproj", "{E76C00A9-EB5E-43F3-8B65-1930005BC00F}"
EndProject
Project("{FAE04EC0-301F-11D3-BF4B-00C04F79EFBC}") = "Xamarin-Forms-Demo.iOS", "Xamarin-Forms-Demo\Xamarin-Forms-Demo.iOS\Xamarin-Forms-Demo.iOS.csproj", "{701AD44E-1796-44B9-A93B-F36500C8698D}"
EndProject
Project("{FAE04EC0-301F-11D3-BF4B-00C04F79EFBC}") = "Xamarin-Forms-Demo", "Xamarin-Forms-Demo\Xamarin-Forms-Demo\Xamarin-Forms-Demo.csproj", "{E10A1169-4B94-47DC-A017-48118578CED7}"
EndProject
Global
	GlobalSection(SolutionConfigurationPlatforms) = preSolution
		Debug|Any CPU = Debug|Any CPU
		Debug|iPhone = Debug|iPhone
		Debug|iPhoneSimulator = Debug|iPhoneSimulator
		Release|Any CPU = Release|Any CPU
		Release|iPhone = Release|iPhone
		Release|iPhoneSimulator = Release|iPhoneSimulator
	EndGlobalSection
	GlobalSection(ProjectConfigurationPlatforms) = postSolution
		{E76C00A9-EB5E-43F3-8B65-1930005BC00F}.Debug|Any CPU.ActiveCfg = Debug|Any CPU
		{E76C00A9-EB5E-43F3-8B65-1930005BC00F}.Debug|Any CPU.Build.0 = Debug|Any CPU
		{E76C00A9-EB5E-43F3-8B65-1930005BC00F}.Debug|Any CPU.Deploy.0 = Debug|Any CPU
		{E76C00A9-EB5E-43F3-8B65-1930005BC00F}.Debug|iPhone.ActiveCfg = Debug|Any CPU
		{E76C00A9-EB5E-43F3-8B65-1930005BC00F}.Debug|iPhone.Build.0 = Debug|Any CPU
		{E76C00A9-EB5E-43F3-8B65-1930005BC00F}.Debug|iPhone.Deploy.0 = Debug|Any CPU
		{E76C00A9-EB5E-43F3-8B65-1930005BC00F}.Debug|iPhoneSimulator.ActiveCfg = Debug|Any CPU
		{E76C00A9-EB5E-43F3-8B65-1930005BC00F}.Debug|iPhoneSimulator.Build.0 = Debug|Any CPU
		{E76C00A9-EB5E-43F3-8B65-1930005BC00F}.Debug|iPhoneSimulator.Deploy.0 = Debug|Any CPU
		{E76C00A9-EB5E-43F3-8B65-1930005BC00F}.Release|Any CPU.ActiveCfg = Release|Any CPU
		{E76C00A9-EB5E-43F3-8B65-1930005BC00F}.Release|Any CPU.Build.0 = Release|Any CPU
		{E76C00A9-EB5E-43F3-8B65-1930005BC00F}.Release|Any CPU.Deploy.0 = Release|Any CPU
		{E76C00A9-EB5E-43F3-8B65-1930005BC00F}.Release|iPhone.ActiveCfg = Release|Any CPU
		{E76C00A9-EB5E-43F3-8B65-1930005BC00F}.Release|iPhone.Build.0 = Release|Any CPU
		{E76C00A9-EB5E-43F3-8B65-1930005BC00F}.Release|iPhone.Deploy.0 = Release|Any CPU
		{E76C00A9-EB5E-43F3-8B65-1930005BC00F}.Release|iPhoneSimulator.ActiveCfg = Release|Any CPU
		{E76C00A9-EB5E-43F3-8B65-1930005BC00F}.Release|iPhoneSimulator.Build.0 = Release|Any CPU
		{E76C00A9-EB5E-43F3-8B65-1930005BC00F}.Release|iPhoneSimulator.Deploy.0 = Release|Any CPU
		{701AD44E-1796-44B9-A93B-F36500C8698D}.Debug|Any CPU.ActiveCfg = Debug|iPhoneSimulator
		{701AD44E-1796-44B9-A93B-F36500C8698D}.Debug|Any CPU.Build.0 = Debug|iPhoneSimulator
		{701AD44E-1796-44B9-A93B-F36500C8698D}.Debug|Any CPU.Deploy.0 = Debug|iPhoneSimulator
		{701AD44E-1796-44B9-A93B-F36500C8698D}.Debug|iPhone.ActiveCfg = Debug|iPhone
		{701AD44E-1796-44B9-A93B-F36500C8698D}.Debug|iPhone.Build.0 = Debug|iPhone
		{701AD44E-1796-44B9-A93B-F36500C8698D}.Debug|iPhone.Deploy.0 = Debug|iPhone
		{701AD44E-1796-44B9-A93B-F36500C8698D}.Debug|iPhoneSimulator.ActiveCfg = Debug|iPhoneSimulator
		{701AD44E-1796-44B9-A93B-F36500C8698D}.Debug|iPhoneSimulator.Build.0 = Debug|iPhoneSimulator
		{701AD44E-1796-44B9-A93B-F36500C8698D}.Debug|iPhoneSimulator.Deploy.0 = Debug|iPhoneSimulator
		{701AD44E-1796-44B9-A93B-F36500C8698D}.Release|Any CPU.ActiveCfg = Release|iPhone
		{701AD44E-1796-44B9-A93B-F36500C8698D}.Release|Any CPU.Build.0 = Release|iPhone
		{701AD44E-1796-44B9-A93B-F36500C8698D}.Release|Any CPU.Deploy.0 = Release|iPhone
		{701AD44E-1796-44B9-A93B-F36500C8698D}.Release|iPhone.ActiveCfg = Release|iPhone
		{701AD44E-1796-44B9-A93B-F36500C8698D}.Release|iPhone.Build.0 = Release|iPhone
		{701AD44E-1796-44B9-A93B-F36500C8698D}.Release|iPhone.Deploy.0 = Release|iPhone
		{701AD44E-1796-44B9-A93B-F36500C8698D}.Release|iPhoneSimulator.ActiveCfg = Release|iPhoneSimulator
		{701AD44E-1796-44B9-A93B-F36500C8698D}.Release|iPhoneSimulator.Build.0 = Release|iPhoneSimulator
		{701AD44E-1796-44B9-A93B-F36500C8698D}.Release|iPhoneSimulator.Deploy.0 = Release|iPhoneSimulator
		{E10A1169-4B94-47DC-A017-48118578CED7}.Debug|Any CPU.ActiveCfg = Debug|Any CPU
		{E10A1169-4B94-47DC-A017-48118578CED7}.Debug|Any CPU.Build.0 = Debug|Any CPU
		{E10A1169-4B94-47DC-A017-48118578CED7}.Debug|Any CPU.Deploy.0 = Debug|Any CPU
		{E10A1169-4B94-47DC-A017-48118578CED7}.Debug|iPhone.ActiveCfg = Debug|Any CPU
		{E10A1169-4B94-47DC-A017-48118578CED7}.Debug|iPhone.Build.0 = Debug|Any CPU
		{E10A1169-4B94-47DC-A017-48118578CED7}.Debug|iPhone.Deploy.0 = Debug|Any CPU
		{E10A1169-4B94-47DC-A017-48118578CED7}.Debug|iPhoneSimulator.ActiveCfg = Debug|Any CPU
		{E10A1169-4B94-47DC-A017-48118578CED7}.Debug|iPhoneSimulator.Build.0 = Debug|Any CPU
		{E10A1169-4B94-47DC-A017-48118578CED7}.Debug|iPhoneSimulator.Deploy.0 = Debug|Any CPU
		{E10A1169-4B94-47DC-A017-48118578CED7}.Release|Any CPU.ActiveCfg = Release|Any CPU
		{E10A1169-4B94-47DC-A017-48118578CED7}.Release|Any CPU.Build.0 = Release|Any CPU
		{E10A1169-4B94-47DC-A017-48118578CED7}.Release|Any CPU.Deploy.0 = Release|Any CPU
		{E10A1169-4B94-47DC-A017-48118578CED7}.Release|iPhone.ActiveCfg = Release|Any CPU
		{E10A1169-4B94-47DC-A017-48118578CED7}.Release|iPhone.Build.0 = Release|Any CPU
		{E10A1169-4B94-47DC-A017-48118578CED7}.Release|iPhone.Deploy.0 = Release|Any CPU
		{E10A1169-4B94-47DC-A017-48118578CED7}.Release|iPhoneSimulator.ActiveCfg = Release|Any CPU
		{E10A1169-4B94-47DC-A017-48118578CED7}.Release|iPhoneSimulator.Build.0 = Release|Any CPU
		{E10A1169-4B94-47DC-A017-48118578CED7}.Release|iPhoneSimulator.Deploy.0 = Release|Any CPU
	EndGlobalSection
	GlobalSection(SolutionProperties) = preSolution
		HideSolutionNode = FALSE
	EndGlobalSection
	GlobalSection(ExtensibilityGlobals) = postSolution
		SolutionGuid = {73B10585-593A-47D4-9C6D-5286ED1D17FF}
	EndGlobalSection
EndGlobal
